
Microsoft Visual Studio Solution File, Format Version 12.00
# Visual Studio 15
VisualStudioVersion = 15.0.27703.2000
MinimumVisualStudioVersion = 10.0.40219.1
Project("{FAE04EC0-301F-11D3-BF4B-00C04F79EFBC}") = "GlobalState.API", "GlobalState.API\GlobalState.API.csproj", "{22F9A46F-6DD6-43E8-B960-F1000A76449D}"
EndProject
Project("{FAE04EC0-301F-11D3-BF4B-00C04F79EFBC}") = "GlobalState.UI", "GlobalState.UI\GlobalState.UI.csproj", "{055F4C4B-87C9-4046-9CF9-6A687968A7C2}"
EndProject
Global
	GlobalSection(SolutionConfigurationPlatforms) = preSolution
		Debug|Any CPU = Debug|Any CPU
		Release|Any CPU = Release|Any CPU
	EndGlobalSection
	GlobalSection(ProjectConfigurationPlatforms) = postSolution
		{22F9A46F-6DD6-43E8-B960-F1000A76449D}.Debug|Any CPU.ActiveCfg = Debug|Any CPU
		{22F9A46F-6DD6-43E8-B960-F1000A76449D}.Debug|Any CPU.Build.0 = Debug|Any CPU
		{22F9A46F-6DD6-43E8-B960-F1000A76449D}.Release|Any CPU.ActiveCfg = Release|Any CPU
		{22F9A46F-6DD6-43E8-B960-F1000A76449D}.Release|Any CPU.Build.0 = Release|Any CPU
		{055F4C4B-87C9-4046-9CF9-6A687968A7C2}.Debug|Any CPU.ActiveCfg = Debug|Any CPU
		{055F4C4B-87C9-4046-9CF9-6A687968A7C2}.Debug|Any CPU.Build.0 = Debug|Any CPU
		{055F4C4B-87C9-4046-9CF9-6A687968A7C2}.Release|Any CPU.ActiveCfg = Release|Any CPU
		{055F4C4B-87C9-4046-9CF9-6A687968A7C2}.Release|Any CPU.Build.0 = Release|Any CPU
	EndGlobalSection
	GlobalSection(SolutionProperties) = preSolution
		HideSolutionNode = FALSE
	EndGlobalSection
	GlobalSection(ExtensibilityGlobals) = postSolution
		SolutionGuid = {1419CC57-DBF0-48EF-A821-54A81C7A90EB}
	EndGlobalSection
EndGlobal
